// !$*UTF8*$!
{
	archiveVersion = 1;
	classes = {
	};
	objectVersion = 55;
	objects = {

/* Begin PBXBuildFile section */
		20066110EA23BF8DD2131998 /* Pods_Moving_Text_Demo.framework in Frameworks */ = {isa = PBXBuildFile; fileRef = B1C7FACE5A21EEA8C9EC68F0 /* Pods_Moving_Text_Demo.framework */; };
		9978D92427151C40009DD07A /* AppDelegate.swift in Sources */ = {isa = PBXBuildFile; fileRef = 9978D92327151C40009DD07A /* AppDelegate.swift */; };
		9978D92627151C40009DD07A /* SceneDelegate.swift in Sources */ = {isa = PBXBuildFile; fileRef = 9978D92527151C40009DD07A /* SceneDelegate.swift */; };
		9978D92827151C40009DD07A /* ViewController.swift in Sources */ = {isa = PBXBuildFile; fileRef = 9978D92727151C40009DD07A /* ViewController.swift */; };
		9978D92B27151C40009DD07A /* Main.storyboard in Resources */ = {isa = PBXBuildFile; fileRef = 9978D92927151C40009DD07A /* Main.storyboard */; };
		9978D92D27151C41009DD07A /* Assets.xcassets in Resources */ = {isa = PBXBuildFile; fileRef = 9978D92C27151C41009DD07A /* Assets.xcassets */; };
		9978D93027151C41009DD07A /* LaunchScreen.storyboard in Resources */ = {isa = PBXBuildFile; fileRef = 9978D92E27151C41009DD07A /* LaunchScreen.storyboard */; };
/* End PBXBuildFile section */

/* Begin PBXFileReference section */
		75CF0C90CEC7E204E1B4A126 /* Pods-Moving_Text_Demo.debug.xcconfig */ = {isa = PBXFileReference; includeInIndex = 1; lastKnownFileType = text.xcconfig; name = "Pods-Moving_Text_Demo.debug.xcconfig"; path = "Target Support Files/Pods-Moving_Text_Demo/Pods-Moving_Text_Demo.debug.xcconfig"; sourceTree = "<group>"; };
		9978D92027151C40009DD07A /* Moving_Text_Demo.app */ = {isa = PBXFileReference; explicitFileType = wrapper.application; includeInIndex = 0; path = Moving_Text_Demo.app; sourceTree = BUILT_PRODUCTS_DIR; };
		9978D92327151C40009DD07A /* AppDelegate.swift */ = {isa = PBXFileReference; lastKnownFileType = sourcecode.swift; path = AppDelegate.swift; sourceTree = "<group>"; };
		9978D92527151C40009DD07A /* SceneDelegate.swift */ = {isa = PBXFileReference; lastKnownFileType = sourcecode.swift; path = SceneDelegate.swift; sourceTree = "<group>"; };
		9978D92727151C40009DD07A /* ViewController.swift */ = {isa = PBXFileReference; lastKnownFileType = sourcecode.swift; path = ViewController.swift; sourceTree = "<group>"; };
		9978D92A27151C40009DD07A /* Base */ = {isa = PBXFileReference; lastKnownFileType = file.storyboard; name = Base; path = Base.lproj/Main.storyboard; sourceTree = "<group>"; };
		9978D92C27151C41009DD07A /* Assets.xcassets */ = {isa = PBXFileReference; lastKnownFileType = folder.assetcatalog; path = Assets.xcassets; sourceTree = "<group>"; };
		9978D92F27151C41009DD07A /* Base */ = {isa = PBXFileReference; lastKnownFileType = file.storyboard; name = Base; path = Base.lproj/LaunchScreen.storyboard; sourceTree = "<group>"; };
		9978D93127151C41009DD07A /* Info.plist */ = {isa = PBXFileReference; lastKnownFileType = text.plist.xml; path = Info.plist; sourceTree = "<group>"; };
		9978D93727152188009DD07A /* README.md */ = {isa = PBXFileReference; lastKnownFileType = net.daringfireball.markdown; path = README.md; sourceTree = "<group>"; };
		B1C7FACE5A21EEA8C9EC68F0 /* Pods_Moving_Text_Demo.framework */ = {isa = PBXFileReference; explicitFileType = wrapper.framework; includeInIndex = 0; path = Pods_Moving_Text_Demo.framework; sourceTree = BUILT_PRODUCTS_DIR; };
		DB1EBA725B3508BCF850BE9C /* Pods-Moving_Text_Demo.release.xcconfig */ = {isa = PBXFileReference; includeInIndex = 1; lastKnownFileType = text.xcconfig; name = "Pods-Moving_Text_Demo.release.xcconfig"; path = "Target Support Files/Pods-Moving_Text_Demo/Pods-Moving_Text_Demo.release.xcconfig"; sourceTree = "<group>"; };
/* End PBXFileReference section */

/* Begin PBXFrameworksBuildPhase section */
		9978D91D27151C40009DD07A /* Frameworks */ = {
			isa = PBXFrameworksBuildPhase;
			buildActionMask = 2147483647;
			files = (
				20066110EA23BF8DD2131998 /* Pods_Moving_Text_Demo.framework in Frameworks */,
			);
			runOnlyForDeploymentPostprocessing = 0;
		};
/* End PBXFrameworksBuildPhase section */

/* Begin PBXGroup section */
		1BB231C450B5F53BAE2972D7 /* Pods */ = {
			isa = PBXGroup;
			children = (
				75CF0C90CEC7E204E1B4A126 /* Pods-Moving_Text_Demo.debug.xcconfig */,
				DB1EBA725B3508BCF850BE9C /* Pods-Moving_Text_Demo.release.xcconfig */,
			);
			path = Pods;
			sourceTree = "<group>";
		};
		9978D91727151C40009DD07A = {
			isa = PBXGroup;
			children = (
				9978D92227151C40009DD07A /* Moving_Text_Demo */,
				9978D92127151C40009DD07A /* Products */,
				1BB231C450B5F53BAE2972D7 /* Pods */,
				E1F0E45BD0A4229E95B1EDF9 /* Frameworks */,
			);
			sourceTree = "<group>";
		};
		9978D92127151C40009DD07A /* Products */ = {
			isa = PBXGroup;
			children = (
				9978D92027151C40009DD07A /* Moving_Text_Demo.app */,
			);
			name = Products;
			sourceTree = "<group>";
		};
		9978D92227151C40009DD07A /* Moving_Text_Demo */ = {
			isa = PBXGroup;
			children = (
				9978D92327151C40009DD07A /* AppDelegate.swift */,
				9978D92527151C40009DD07A /* SceneDelegate.swift */,
				9978D92727151C40009DD07A /* ViewController.swift */,
				9978D92927151C40009DD07A /* Main.storyboard */,
				9978D92C27151C41009DD07A /* Assets.xcassets */,
				9978D92E27151C41009DD07A /* LaunchScreen.storyboard */,
				9978D93127151C41009DD07A /* Info.plist */,
				9978D93727152188009DD07A /* README.md */,
			);
			path = Moving_Text_Demo;
			sourceTree = "<group>";
		};
		E1F0E45BD0A4229E95B1EDF9 /* Frameworks */ = {
			isa = PBXGroup;
			children = (
				B1C7FACE5A21EEA8C9EC68F0 /* Pods_Moving_Text_Demo.framework */,
			);
			name = Frameworks;
			sourceTree = "<group>";
		};
/* End PBXGroup section */

/* Begin PBXNativeTarget section */
		9978D91F27151C40009DD07A /* Moving_Text_Demo */ = {
			isa = PBXNativeTarget;
			buildConfigurationList = 9978D93427151C41009DD07A /* Build configuration list for PBXNativeTarget "Moving_Text_Demo" */;
			buildPhases = (
				A46855B11CF54A509CEC28F2 /* [CP] Check Pods Manifest.lock */,
				9978D91C27151C40009DD07A /* Sources */,
				9978D91D27151C40009DD07A /* Frameworks */,
				9978D91E27151C40009DD07A /* Resources */,
				1AB3777EBDAB79C56F354E61 /* [CP] Embed Pods Frameworks */,
			);
			buildRules = (
			);
			dependencies = (
			);
			name = Moving_Text_Demo;
			productName = Moving_Text_Demo;
			productReference = 9978D92027151C40009DD07A /* Moving_Text_Demo.app */;
			productType = "com.apple.product-type.application";
		};
/* End PBXNativeTarget section */

/* Begin PBXProject section */
		9978D91827151C40009DD07A /* Project object */ = {
			isa = PBXProject;
			attributes = {
				BuildIndependentTargetsInParallel = 1;
				LastSwiftUpdateCheck = 1300;
				LastUpgradeCheck = 1300;
				TargetAttributes = {
					9978D91F27151C40009DD07A = {
						CreatedOnToolsVersion = 13.0;
					};
				};
			};
			buildConfigurationList = 9978D91B27151C40009DD07A /* Build configuration list for PBXProject "Moving_Text_Demo" */;
			compatibilityVersion = "Xcode 13.0";
			developmentRegion = en;
			hasScannedForEncodings = 0;
			knownRegions = (
				en,
				Base,
			);
			mainGroup = 9978D91727151C40009DD07A;
			productRefGroup = 9978D92127151C40009DD07A /* Products */;
			projectDirPath = "";
			projectRoot = "";
			targets = (
				9978D91F27151C40009DD07A /* Moving_Text_Demo */,
			);
		};
/* End PBXProject section */

/* Begin PBXResourcesBuildPhase section */
		9978D91E27151C40009DD07A /* Resources */ = {
			isa = PBXResourcesBuildPhase;
			buildActionMask = 2147483647;
			files = (
				9978D93027151C41009DD07A /* LaunchScreen.storyboard in Resources */,
				9978D92D27151C41009DD07A /* Assets.xcassets in Resources */,
				9978D92B27151C40009DD07A /* Main.storyboard in Resources */,
			);
			runOnlyForDeploymentPostprocessing = 0;
		};
/* End PBXResourcesBuildPhase section */

/* Begin PBXShellScriptBuildPhase section */
		1AB3777EBDAB79C56F354E61 /* [CP] Embed Pods Frameworks */ = {
			isa = PBXShellScriptBuildPhase;
			buildActionMask = 2147483647;
			files = (
			);
			inputFileListPaths = (
				"${PODS_ROOT}/Target Support Files/Pods-Moving_Text_Demo/Pods-Moving_Text_Demo-frameworks-${CONFIGURATION}-input-files.xcfilelist",
			);
			name = "[CP] Embed Pods Frameworks";
			outputFileListPaths = (
				"${PODS_ROOT}/Target Support Files/Pods-Moving_Text_Demo/Pods-Moving_Text_Demo-frameworks-${CONFIGURATION}-output-files.xcfilelist",
			);
			runOnlyForDeploymentPostprocessing = 0;
			shellPath = /bin/sh;
			shellScript = "\"${PODS_ROOT}/Target Support Files/Pods-Moving_Text_Demo/Pods-Moving_Text_Demo-frameworks.sh\"\n";
			showEnvVarsInLog = 0;
		};
		A46855B11CF54A509CEC28F2 /* [CP] Check Pods Manifest.lock */ = {
			isa = PBXShellScriptBuildPhase;
			buildActionMask = 2147483647;
			files = (
			);
			inputFileListPaths = (
			);
			inputPaths = (
				"${PODS_PODFILE_DIR_PATH}/Podfile.lock",
				"${PODS_ROOT}/Manifest.lock",
			);
			name = "[CP] Check Pods Manifest.lock";
			outputFileListPaths = (
			);
			outputPaths = (
				"$(DERIVED_FILE_DIR)/Pods-Moving_Text_Demo-checkManifestLockResult.txt",
			);
			runOnlyForDeploymentPostprocessing = 0;
			shellPath = /bin/sh;
			shellScript = "diff \"${PODS_PODFILE_DIR_PATH}/Podfile.lock\" \"${PODS_ROOT}/Manifest.lock\" > /dev/null\nif [ $? != 0 ] ; then\n    # print error to STDERR\n    echo \"error: The sandbox is not in sync with the Podfile.lock. Run 'pod install' or update your CocoaPods installation.\" >&2\n    exit 1\nfi\n# This output is used by Xcode 'outputs' to avoid re-running this script phase.\necho \"SUCCESS\" > \"${SCRIPT_OUTPUT_FILE_0}\"\n";
			showEnvVarsInLog = 0;
		};
/* End PBXShellScriptBuildPhase section */

/* Begin PBXSourcesBuildPhase section */
		9978D91C27151C40009DD07A /* Sources */ = {
			isa = PBXSourcesBuildPhase;
			buildActionMask = 2147483647;
			files = (
				9978D92827151C40009DD07A /* ViewController.swift in Sources */,
				9978D92427151C40009DD07A /* AppDelegate.swift in Sources */,
				9978D92627151C40009DD07A /* SceneDelegate.swift in Sources */,
			);
			runOnlyForDeploymentPostprocessing = 0;
		};
/* End PBXSourcesBuildPhase section */

/* Begin PBXVariantGroup section */
		9978D92927151C40009DD07A /* Main.storyboard */ = {
			isa = PBXVariantGroup;
			children = (
				9978D92A27151C40009DD07A /* Base */,
			);
			name = Main.storyboard;
			sourceTree = "<group>";
		};
		9978D92E27151C41009DD07A /* LaunchScreen.storyboard */ = {
			isa = PBXVariantGroup;
			children = (
				9978D92F27151C41009DD07A /* Base */,
			);
			name = LaunchScreen.storyboard;
			sourceTree = "<group>";
		};
/* End PBXVariantGroup section */

/* Begin XCBuildConfiguration section */
		9978D93227151C41009DD07A /* Debug */ = {
			isa = XCBuildConfiguration;
			buildSettings = {
				ALWAYS_SEARCH_USER_PATHS = NO;
				CLANG_ANALYZER_NONNULL = YES;
				CLANG_ANALYZER_NUMBER_OBJECT_CONVERSION = YES_AGGRESSIVE;
				CLANG_CXX_LANGUAGE_STANDARD = "gnu++17";
				CLANG_CXX_LIBRARY = "libc++";
				CLANG_ENABLE_MODULES = YES;
				CLANG_ENABLE_OBJC_ARC = YES;
				CLANG_ENABLE_OBJC_WEAK = YES;
				CLANG_WARN_BLOCK_CAPTURE_AUTORELEASING = YES;
				CLANG_WARN_BOOL_CONVERSION = YES;
				CLANG_WARN_COMMA = YES;
				CLANG_WARN_CONSTANT_CONVERSION = YES;
				CLANG_WARN_DEPRECATED_OBJC_IMPLEMENTATIONS = YES;
				CLANG_WARN_DIRECT_OBJC_ISA_USAGE = YES_ERROR;
				CLANG_WARN_DOCUMENTATION_COMMENTS = YES;
				CLANG_WARN_EMPTY_BODY = YES;
				CLANG_WARN_ENUM_CONVERSION = YES;
				CLANG_WARN_INFINITE_RECURSION = YES;
				CLANG_WARN_INT_CONVERSION = YES;
				CLANG_WARN_NON_LITERAL_NULL_CONVERSION = YES;
				CLANG_WARN_OBJC_IMPLICIT_RETAIN_SELF = YES;
				CLANG_WARN_OBJC_LITERAL_CONVERSION = YES;
				CLANG_WARN_OBJC_ROOT_CLASS = YES_ERROR;
				CLANG_WARN_QUOTED_INCLUDE_IN_FRAMEWORK_HEADER = YES;
				CLANG_WARN_RANGE_LOOP_ANALYSIS = YES;
				CLANG_WARN_STRICT_PROTOTYPES = YES;
				CLANG_WARN_SUSPICIOUS_MOVE = YES;
				CLANG_WARN_UNGUARDED_AVAILABILITY = YES_AGGRESSIVE;
				CLANG_WARN_UNREACHABLE_CODE = YES;
				CLANG_WARN__DUPLICATE_METHOD_MATCH = YES;
				COPY_PHASE_STRIP = NO;
				DEBUG_INFORMATION_FORMAT = dwarf;
				ENABLE_STRICT_OBJC_MSGSEND = YES;
				ENABLE_TESTABILITY = YES;
				GCC_C_LANGUAGE_STANDARD = gnu11;
				GCC_DYNAMIC_NO_PIC = NO;
				GCC_NO_COMMON_BLOCKS = YES;
				GCC_OPTIMIZATION_LEVEL = 0;
				GCC_PREPROCESSOR_DEFINITIONS = (
					"DEBUG=1",
					"$(inherited)",
				);
				GCC_WARN_64_TO_32_BIT_CONVERSION = YES;
				GCC_WARN_ABOUT_RETURN_TYPE = YES_ERROR;
				GCC_WARN_UNDECLARED_SELECTOR = YES;
				GCC_WARN_UNINITIALIZED_AUTOS = YES_AGGRESSIVE;
				GCC_WARN_UNUSED_FUNCTION = YES;
				GCC_WARN_UNUSED_VARIABLE = YES;
				IPHONEOS_DEPLOYMENT_TARGET = 15.0;
				MTL_ENABLE_DEBUG_INFO = INCLUDE_SOURCE;
				MTL_FAST_MATH = YES;
				ONLY_ACTIVE_ARCH = YES;
				SDKROOT = iphoneos;
				SWIFT_ACTIVE_COMPILATION_CONDITIONS = DEBUG;
				SWIFT_OPTIMIZATION_LEVEL = "-Onone";
			};
			name = Debug;
		};
		9978D93327151C41009DD07A /* Release */ = {
			isa = XCBuildConfiguration;
			buildSettings = {
				ALWAYS_SEARCH_USER_PATHS = NO;
				CLANG_ANALYZER_NONNULL = YES;
				CLANG_ANALYZER_NUMBER_OBJECT_CONVERSION = YES_AGGRESSIVE;
				CLANG_CXX_LANGUAGE_STANDARD = "gnu++17";
				CLANG_CXX_LIBRARY = "libc++";
				CLANG_ENABLE_MODULES = YES;
				CLANG_ENABLE_OBJC_ARC = YES;
				CLANG_ENABLE_OBJC_WEAK = YES;
				CLANG_WARN_BLOCK_CAPTURE_AUTORELEASING = YES;
				CLANG_WARN_BOOL_CONVERSION = YES;
				CLANG_WARN_COMMA = YES;
				CLANG_WARN_CONSTANT_CONVERSION = YES;
				CLANG_WARN_DEPRECATED_OBJC_IMPLEMENTATIONS = YES;
				CLANG_WARN_DIRECT_OBJC_ISA_USAGE = YES_ERROR;
				CLANG_WARN_DOCUMENTATION_COMMENTS = YES;
				CLANG_WARN_EMPTY_BODY = YES;
				CLANG_WARN_ENUM_CONVERSION = YES;
				CLANG_WARN_INFINITE_RECURSION = YES;
				CLANG_WARN_INT_CONVERSION = YES;
				CLANG_WARN_NON_LITERAL_NULL_CONVERSION = YES;
				CLANG_WARN_OBJC_IMPLICIT_RETAIN_SELF = YES;
				CLANG_WARN_OBJC_LITERAL_CONVERSION = YES;
				CLANG_WARN_OBJC_ROOT_CLASS = YES_ERROR;
				CLANG_WARN_QUOTED_INCLUDE_IN_FRAMEWORK_HEADER = YES;
				CLANG_WARN_RANGE_LOOP_ANALYSIS = YES;
				CLANG_WARN_STRICT_PROTOTYPES = YES;
				CLANG_WARN_SUSPICIOUS_MOVE = YES;
				CLANG_WARN_UNGUARDED_AVAILABILITY = YES_AGGRESSIVE;
				CLANG_WARN_UNREACHABLE_CODE = YES;
				CLANG_WARN__DUPLICATE_METHOD_MATCH = YES;
				COPY_PHASE_STRIP = NO;
				DEBUG_INFORMATION_FORMAT = "dwarf-with-dsym";
				ENABLE_NS_ASSERTIONS = NO;
				ENABLE_STRICT_OBJC_MSGSEND = YES;
				GCC_C_LANGUAGE_STANDARD = gnu11;
				GCC_NO_COMMON_BLOCKS = YES;
				GCC_WARN_64_TO_32_BIT_CONVERSION = YES;
				GCC_WARN_ABOUT_RETURN_TYPE = YES_ERROR;
				GCC_WARN_UNDECLARED_SELECTOR = YES;
				GCC_WARN_UNINITIALIZED_AUTOS = YES_AGGRESSIVE;
				GCC_WARN_UNUSED_FUNCTION = YES;
				GCC_WARN_UNUSED_VARIABLE = YES;
				IPHONEOS_DEPLOYMENT_TARGET = 15.0;
				MTL_ENABLE_DEBUG_INFO = NO;
				MTL_FAST_MATH = YES;
				SDKROOT = iphoneos;
				SWIFT_COMPILATION_MODE = wholemodule;
				SWIFT_OPTIMIZATION_LEVEL = "-O";
				VALIDATE_PRODUCT = YES;
			};
			name = Release;
		};
		9978D93527151C41009DD07A /* Debug */ = {
			isa = XCBuildConfiguration;
			baseConfigurationReference = 75CF0C90CEC7E204E1B4A126 /* Pods-Moving_Text_Demo.debug.xcconfig */;
			buildSettings = {
				ASSETCATALOG_COMPILER_APPICON_NAME = AppIcon;
				ASSETCATALOG_COMPILER_GLOBAL_ACCENT_COLOR_NAME = AccentColor;
				CODE_SIGN_STYLE = Automatic;
				CURRENT_PROJECT_VERSION = 1;
				DEVELOPMENT_TEAM = JXFMRW69P3;
				GENERATE_INFOPLIST_FILE = YES;
				INFOPLIST_FILE = Moving_Text_Demo/Info.plist;
				INFOPLIST_KEY_UIApplicationSupportsIndirectInputEvents = YES;
				INFOPLIST_KEY_UILaunchStoryboardName = LaunchScreen;
				INFOPLIST_KEY_UIMainStoryboardFile = Main;
				INFOPLIST_KEY_UISupportedInterfaceOrientations_iPad = "UIInterfaceOrientationPortrait UIInterfaceOrientationPortraitUpsideDown UIInterfaceOrientationLandscapeLeft UIInterfaceOrientationLandscapeRight";
				INFOPLIST_KEY_UISupportedInterfaceOrientations_iPhone = "UIInterfaceOrientationPortrait UIInterfaceOrientationLandscapeLeft UIInterfaceOrientationLandscapeRight";
				LD_RUNPATH_SEARCH_PATHS = (
					"$(inherited)",
					"@executable_path/Frameworks",
				);
				MARKETING_VERSION = 1.0;
				PRODUCT_BUNDLE_IDENTIFIER = "iOSoo.Moving-Text-Demo";
				PRODUCT_NAME = "$(TARGET_NAME)";
				SWIFT_EMIT_LOC_STRINGS = YES;
				SWIFT_VERSION = 5.0;
				TARGETED_DEVICE_FAMILY = "1,2";
			};
			name = Debug;
		};
		9978D93627151C41009DD07A /* Release */ = {
			isa = XCBuildConfiguration;
			baseConfigurationReference = DB1EBA725B3508BCF850BE9C /* Pods-Moving_Text_Demo.release.xcconfig */;
			buildSettings = {
				ASSETCATALOG_COMPILER_APPICON_NAME = AppIcon;
				ASSETCATALOG_COMPILER_GLOBAL_ACCENT_COLOR_NAME = AccentColor;
				CODE_SIGN_STYLE = Automatic;
				CURRENT_PROJECT_VERSION = 1;
				DEVELOPMENT_TEAM = JXFMRW69P3;
				GENERATE_INFOPLIST_FILE = YES;
				INFOPLIST_FILE = Moving_Text_Demo/Info.plist;
				INFOPLIST_KEY_UIApplicationSupportsIndirectInputEvents = YES;
				INFOPLIST_KEY_UILaunchStoryboardName = LaunchScreen;
				INFOPLIST_KEY_UIMainStoryboardFile = Main;
				INFOPLIST_KEY_UISupportedInterfaceOrientations_iPad = "UIInterfaceOrientationPortrait UIInterfaceOrientationPortraitUpsideDown UIInterfaceOrientationLandscapeLeft UIInterfaceOrientationLandscapeRight";
				INFOPLIST_KEY_UISupportedInterfaceOrientations_iPhone = "UIInterfaceOrientationPortrait UIInterfaceOrientationLandscapeLeft UIInterfaceOrientationLandscapeRight";
				LD_RUNPATH_SEARCH_PATHS = (
					"$(inherited)",
					"@executable_path/Frameworks",
				);
				MARKETING_VERSION = 1.0;
				PRODUCT_BUNDLE_IDENTIFIER = "iOSoo.Moving-Text-Demo";
				PRODUCT_NAME = "$(TARGET_NAME)";
				SWIFT_EMIT_LOC_STRINGS = YES;
				SWIFT_VERSION = 5.0;
				TARGETED_DEVICE_FAMILY = "1,2";
			};
			name = Release;
		};
/* End XCBuildConfiguration section */

/* Begin XCConfigurationList section */
		9978D91B27151C40009DD07A /* Build configuration list for PBXProject "Moving_Text_Demo" */ = {
			isa = XCConfigurationList;
			buildConfigurations = (
				9978D93227151C41009DD07A /* Debug */,
				9978D93327151C41009DD07A /* Release */,
			);
			defaultConfigurationIsVisible = 0;
			defaultConfigurationName = Release;
		};
		9978D93427151C41009DD07A /* Build configuration list for PBXNativeTarget "Moving_Text_Demo" */ = {
			isa = XCConfigurationList;
			buildConfigurations = (
				9978D93527151C41009DD07A /* Debug */,
				9978D93627151C41009DD07A /* Release */,
			);
			defaultConfigurationIsVisible = 0;
			defaultConfigurationName = Release;
		};
/* End XCConfigurationList section */
	};
	rootObject = 9978D91827151C40009DD07A /* Project object */;
}
